
Microsoft Visual Studio Solution File, Format Version 12.00
# Visual Studio Version 17
VisualStudioVersion = 17.3.32811.315
MinimumVisualStudioVersion = 10.0.40219.1
Project("{FAE04EC0-301F-11D3-BF4B-00C04F79EFBC}") = "Xadrez", "Xadrez\Xadrez.csproj", "{139CA483-81DF-4A79-906F-14C5BC29BDFB}"
EndProject
Global
	GlobalSection(SolutionConfigurationPlatforms) = preSolution
		Debug|Any CPU = Debug|Any CPU
		Release|Any CPU = Release|Any CPU
	EndGlobalSection
	GlobalSection(ProjectConfigurationPlatforms) = postSolution
		{139CA483-81DF-4A79-906F-14C5BC29BDFB}.Debug|Any CPU.ActiveCfg = Debug|Any CPU
		{139CA483-81DF-4A79-906F-14C5BC29BDFB}.Debug|Any CPU.Build.0 = Debug|Any CPU
		{139CA483-81DF-4A79-906F-14C5BC29BDFB}.Release|Any CPU.ActiveCfg = Release|Any CPU
		{139CA483-81DF-4A79-906F-14C5BC29BDFB}.Release|Any CPU.Build.0 = Release|Any CPU
	EndGlobalSection
	GlobalSection(SolutionProperties) = preSolution
		HideSolutionNode = FALSE
	EndGlobalSection
	GlobalSection(ExtensibilityGlobals) = postSolution
		SolutionGuid = {CD3ECCD3-EDE5-4CE6-ACC2-6E7AB8F1E99A}
	EndGlobalSection
EndGlobal
